
Microsoft Visual Studio Solution File, Format Version 12.00
# Visual Studio 14
VisualStudioVersion = 14.0.25123.0
MinimumVisualStudioVersion = 10.0.40219.1
Project("{2150E333-8FDC-42A3-9474-1A3956D46DE8}") = "src", "src", "{BCBC55F2-E829-4024-8775-F55E31F1B007}"
EndProject
Project("{2150E333-8FDC-42A3-9474-1A3956D46DE8}") = "Solution Items", "Solution Items", "{592DDF15-D086-47BC-A812-53304C3EAEE2}"
	ProjectSection(SolutionItems) = preProject
		global.json = global.json
	EndProjectSection
EndProject
Project("{8BB2217D-0F2D-49D1-97BC-3654ED321F3B}") = "ADT07.WebADAAL", "src\ADT07.WebADAAL\ADT07.WebADAAL.xproj", "{4D076CF3-D8F9-43ED-87F5-095D568ED0C7}"
EndProject
Global
	GlobalSection(SolutionConfigurationPlatforms) = preSolution
		Debug|Any CPU = Debug|Any CPU
		Release|Any CPU = Release|Any CPU
	EndGlobalSection
	GlobalSection(ProjectConfigurationPlatforms) = postSolution
		{4D076CF3-D8F9-43ED-87F5-095D568ED0C7}.Debug|Any CPU.ActiveCfg = Debug|Any CPU
		{4D076CF3-D8F9-43ED-87F5-095D568ED0C7}.Debug|Any CPU.Build.0 = Debug|Any CPU
		{4D076CF3-D8F9-43ED-87F5-095D568ED0C7}.Release|Any CPU.ActiveCfg = Release|Any CPU
		{4D076CF3-D8F9-43ED-87F5-095D568ED0C7}.Release|Any CPU.Build.0 = Release|Any CPU
	EndGlobalSection
	GlobalSection(SolutionProperties) = preSolution
		HideSolutionNode = FALSE
	EndGlobalSection
	GlobalSection(NestedProjects) = preSolution
		{4D076CF3-D8F9-43ED-87F5-095D568ED0C7} = {BCBC55F2-E829-4024-8775-F55E31F1B007}
	EndGlobalSection
EndGlobal
